{
  "name": "Git",
  "lockfileVersion": 3,
  "requires": true,
  "packages": {
    "": {
      "dependencies": {
        "datasets": "^0.1.0",
        "scikit-learn": "^0.1.0"
      }
    },
    "node_modules/datasets": {
      "version": "0.1.0",
      "resolved": "https://registry.npmjs.org/datasets/-/datasets-0.1.0.tgz",
      "integrity": "sha512-K7ltVoMoT41QJVsuV1+60VW6EcBiDf/b2MpPREWFwgQ15iA0RoiWeUrcv2rBTqa0/EXO28ZOf1jVRfvyIjmN1g==",
      "license": "MIT",
      "dependencies": {
        "datasets-anscombes-quartet": "^1.0.0",
        "datasets-female-first-names-en": "^1.0.0",
        "datasets-male-first-names-en": "1.x.x"
      }
    },
    "node_modules/datasets-anscombes-quartet": {
      "version": "1.0.0",
      "resolved": "https://registry.npmjs.org/datasets-anscombes-quartet/-/datasets-anscombes-quartet-1.0.0.tgz",
      "integrity": "sha512-spE7jdVlFWOIRyIiheDz3ND976M1sjS0+t/RyQXKbkvLwtRqxOMPyz59bWuY6bi8DhcSeIZxVQ2jX12ecyFt6g==",
      "license": "MIT"
    },
    "node_modules/datasets-female-first-names-en": {
      "version": "1.0.0",
      "resolved": "https://registry.npmjs.org/datasets-female-first-names-en/-/datasets-female-first-names-en-1.0.0.tgz",
      "integrity": "sha512-bxHpeXLuChD4C9ho24MJyUStcjnQhyr0duvwaoIA9JleRKvI9dGalayJnpQkwde+Ge0ABYbK+dadbMP/u8gf/w==",
      "license": "MIT"
    },
    "node_modules/datasets-male-first-names-en": {
      "version": "1.0.1",
      "resolved": "https://registry.npmjs.org/datasets-male-first-names-en/-/datasets-male-first-names-en-1.0.1.tgz",
      "integrity": "sha512-DJT793ZvH3z6cAkPEDbEo3EIfMUI3WZWG5sNILGPGBZ7NqdV443tCEc1//vN9sDnIxbG5Ils26ISHKT75fneQg==",
      "license": "MIT"
    },
    "node_modules/jsonparse": {
      "version": "0.0.5",
      "resolved": "https://registry.npmjs.org/jsonparse/-/jsonparse-0.0.5.tgz",
      "integrity": "sha512-fw7Q/8gFR8iSekUi9I+HqWIap6mywuoe7hQIg3buTVjuZgALKj4HAmm0X6f+TaL4c9NJbvyFQdaI2ppr5p6dnQ==",
      "engines": [
        "node >= 0.2.0"
      ],
      "license": "MIT"
    },
    "node_modules/JSONStream": {
      "version": "0.8.4",
      "resolved": "https://registry.npmjs.org/JSONStream/-/JSONStream-0.8.4.tgz",
      "integrity": "sha512-l0NN3IcqrZfZBJp7JWDJIHsnPV7yzJWqsYxQzL8Fwdx1BmEMjLuvtYkv+P9pbvpyfP75/f4MeDZhWNU4is32uA==",
      "dependencies": {
        "jsonparse": "0.0.5",
        "through": ">=2.2.7 <3"
      },
      "bin": {
        "JSONStream": "index.js"
      },
      "engines": {
        "node": "*"
      }
    },
    "node_modules/scikit-learn": {
      "version": "0.1.0",
      "resolved": "https://registry.npmjs.org/scikit-learn/-/scikit-learn-0.1.0.tgz",
      "integrity": "sha512-+7TLxfLovxbRkaE7f2RGOx4/j6U1FrXf9AWFsaRyPImQAkhbR5Z1jdIUWdPDNT5pq3I/3yMuy9G2h+agKJHJGg==",
      "license": "MIT",
      "dependencies": {
        "JSONStream": "^0.8.0",
        "streaming-json-stringify": "^1.0.0"
      },
      "engines": {
        "node": ">= 0.10.21"
      }
    },
    "node_modules/streaming-json-stringify": {
      "version": "1.0.1",
      "resolved": "https://registry.npmjs.org/streaming-json-stringify/-/streaming-json-stringify-1.0.1.tgz",
      "integrity": "sha512-dSKMNM9sG2v3aCWDiuO5anWApYVIYz2BBIS+qWK6MqyEjhcRLU8sk0pV3W2sIGv3OCVLddqJPa/ksImEN9LSZw==",
      "license": "MIT"
    },
    "node_modules/through": {
      "version": "2.3.8",
      "resolved": "https://registry.npmjs.org/through/-/through-2.3.8.tgz",
      "integrity": "sha512-w89qg7PI8wAdvX60bMDP+bFoD5Dvhm9oLheFp5O4a2QF0cSBGsBX4qZmadPMvVqlLJBBci+WqGGOAPvcDeNSVg==",
      "license": "MIT"
    }
  }
}
